
Microsoft Visual Studio Solution File, Format Version 12.00
# Visual Studio 15
VisualStudioVersion = 15.0.27130.2003
MinimumVisualStudioVersion = 10.0.40219.1
Project("{FAE04EC0-301F-11D3-BF4B-00C04F79EFBC}") = "InkTest", "InkTest\InkTest.csproj", "{56B72C24-824B-49B6-8697-8453FA2722EF}"
EndProject
Global
	GlobalSection(SolutionConfigurationPlatforms) = preSolution
		Debug|Any CPU = Debug|Any CPU
		Release|Any CPU = Release|Any CPU
	EndGlobalSection
	GlobalSection(ProjectConfigurationPlatforms) = postSolution
		{56B72C24-824B-49B6-8697-8453FA2722EF}.Debug|Any CPU.ActiveCfg = Debug|Any CPU
		{56B72C24-824B-49B6-8697-8453FA2722EF}.Debug|Any CPU.Build.0 = Debug|Any CPU
		{56B72C24-824B-49B6-8697-8453FA2722EF}.Release|Any CPU.ActiveCfg = Release|Any CPU
		{56B72C24-824B-49B6-8697-8453FA2722EF}.Release|Any CPU.Build.0 = Release|Any CPU
	EndGlobalSection
	GlobalSection(SolutionProperties) = preSolution
		HideSolutionNode = FALSE
	EndGlobalSection
	GlobalSection(ExtensibilityGlobals) = postSolution
		SolutionGuid = {91E0C791-7566-4F46-B3F0-A4934592DFCD}
	EndGlobalSection
EndGlobal
